hash: 5873605617d5fec0a3844ec15f8d8b8304724bdb20e390c947c90e8a19a195ca
updated: 2018-02-12T14:40:27.613196775Z
imports:
- name: github.com/rcrowley/go-metrics
  version: 8732c616f52954686704c8645fe1a9d59e9df7c1
- name: github.com/remerge/go-xorshift
  version: 38a062789887270f4b85fd03a1756560552eed97
testImports: []
